
Microsoft Visual Studio Solution File, Format Version 12.00
# Visual Studio Version 17
VisualStudioVersion = 17.12.35521.163
MinimumVisualStudioVersion = 10.0.40219.1
Project("{2150E333-8FDC-42A3-9474-1A3956D46DE8}") = "3-API", "3-API", "{EBDE3219-3BB6-4A49-B625-5B1191439493}"
EndProject
Project("{9A19103F-16F7-4668-BE54-9A1E7A4F7556}") = "Novin.Backend.Pirast", "Novin.Backend.Pirast\Novin.Backend.Pirast.csproj", "{B8D6CBB7-55DA-4B2C-B9E1-0058CCA6FF4F}"
EndProject
Project("{2150E333-8FDC-42A3-9474-1A3956D46DE8}") = "Docs", "Docs", "{B6982C8A-2D41-4C13-9AE9-64FF3C063277}"
	ProjectSection(SolutionItems) = preProject
		README.txt = README.txt
	EndProjectSection
EndProject
Project("{9A19103F-16F7-4668-BE54-9A1E7A4F7556}") = "Novin.Backend.Pirast.Barber", "Novin.Backend.Pirast.Barber\Novin.Backend.Pirast.Barber.csproj", "{CD1460C4-7CE0-42A6-BF9A-B7FAFEE45759}"
EndProject
Project("{2150E333-8FDC-42A3-9474-1A3956D46DE8}") = "Pirast.Backend.Core", "Pirast.Backend.Core", "{E62FCCD2-FBF2-4241-B1D1-00A30EB0BEFF}"
EndProject
Project("{9A19103F-16F7-4668-BE54-9A1E7A4F7556}") = "Pirast.Backend.Admin", "Pirast.Core\Pirast.Backend.Admin.csproj", "{0BFA35EB-F0F1-4A13-B3C4-AE4197CF11C7}"
EndProject
Project("{9A19103F-16F7-4668-BE54-9A1E7A4F7556}") = "Novin.Backend.Pirast.BarberShop", "..\Novin.Backend.Pirast2\Novin.Backend.Pirast.BarberShopOwner\Novin.Backend.Pirast.BarberShop.csproj", "{53C88007-7417-485C-A0AE-543AF55D544F}"
EndProject
Project("{FAE04EC0-301F-11D3-BF4B-00C04F79EFBC}") = "Novin.Backend.Pirast.Customer", "Novin.Backend.Pirast.Customer\Novin.Backend.Pirast.Customer.csproj", "{E2CE2B3C-98B0-42C3-BEB7-CBAA0E651659}"
EndProject
Global
	GlobalSection(SolutionConfigurationPlatforms) = preSolution
		Debug|Any CPU = Debug|Any CPU
		Release|Any CPU = Release|Any CPU
	EndGlobalSection
	GlobalSection(ProjectConfigurationPlatforms) = postSolution
		{B8D6CBB7-55DA-4B2C-B9E1-0058CCA6FF4F}.Debug|Any CPU.ActiveCfg = Debug|Any CPU
		{B8D6CBB7-55DA-4B2C-B9E1-0058CCA6FF4F}.Debug|Any CPU.Build.0 = Debug|Any CPU
		{B8D6CBB7-55DA-4B2C-B9E1-0058CCA6FF4F}.Release|Any CPU.ActiveCfg = Release|Any CPU
		{B8D6CBB7-55DA-4B2C-B9E1-0058CCA6FF4F}.Release|Any CPU.Build.0 = Release|Any CPU
		{CD1460C4-7CE0-42A6-BF9A-B7FAFEE45759}.Debug|Any CPU.ActiveCfg = Debug|Any CPU
		{CD1460C4-7CE0-42A6-BF9A-B7FAFEE45759}.Debug|Any CPU.Build.0 = Debug|Any CPU
		{CD1460C4-7CE0-42A6-BF9A-B7FAFEE45759}.Release|Any CPU.ActiveCfg = Release|Any CPU
		{CD1460C4-7CE0-42A6-BF9A-B7FAFEE45759}.Release|Any CPU.Build.0 = Release|Any CPU
		{0BFA35EB-F0F1-4A13-B3C4-AE4197CF11C7}.Debug|Any CPU.ActiveCfg = Debug|Any CPU
		{0BFA35EB-F0F1-4A13-B3C4-AE4197CF11C7}.Debug|Any CPU.Build.0 = Debug|Any CPU
		{0BFA35EB-F0F1-4A13-B3C4-AE4197CF11C7}.Release|Any CPU.ActiveCfg = Release|Any CPU
		{0BFA35EB-F0F1-4A13-B3C4-AE4197CF11C7}.Release|Any CPU.Build.0 = Release|Any CPU
		{53C88007-7417-485C-A0AE-543AF55D544F}.Debug|Any CPU.ActiveCfg = Debug|Any CPU
		{53C88007-7417-485C-A0AE-543AF55D544F}.Debug|Any CPU.Build.0 = Debug|Any CPU
		{53C88007-7417-485C-A0AE-543AF55D544F}.Release|Any CPU.ActiveCfg = Release|Any CPU
		{53C88007-7417-485C-A0AE-543AF55D544F}.Release|Any CPU.Build.0 = Release|Any CPU
		{E2CE2B3C-98B0-42C3-BEB7-CBAA0E651659}.Debug|Any CPU.ActiveCfg = Debug|Any CPU
		{E2CE2B3C-98B0-42C3-BEB7-CBAA0E651659}.Debug|Any CPU.Build.0 = Debug|Any CPU
		{E2CE2B3C-98B0-42C3-BEB7-CBAA0E651659}.Release|Any CPU.ActiveCfg = Release|Any CPU
		{E2CE2B3C-98B0-42C3-BEB7-CBAA0E651659}.Release|Any CPU.Build.0 = Release|Any CPU
	EndGlobalSection
	GlobalSection(SolutionProperties) = preSolution
		HideSolutionNode = FALSE
	EndGlobalSection
	GlobalSection(NestedProjects) = preSolution
		{B8D6CBB7-55DA-4B2C-B9E1-0058CCA6FF4F} = {EBDE3219-3BB6-4A49-B625-5B1191439493}
		{CD1460C4-7CE0-42A6-BF9A-B7FAFEE45759} = {EBDE3219-3BB6-4A49-B625-5B1191439493}
		{0BFA35EB-F0F1-4A13-B3C4-AE4197CF11C7} = {E62FCCD2-FBF2-4241-B1D1-00A30EB0BEFF}
		{E2CE2B3C-98B0-42C3-BEB7-CBAA0E651659} = {EBDE3219-3BB6-4A49-B625-5B1191439493}
	EndGlobalSection
	GlobalSection(ExtensibilityGlobals) = postSolution
		SolutionGuid = {4593A9DC-2B66-46C4-A1AC-76274D532834}
	EndGlobalSection
EndGlobal
